// !$*UTF8*$!
{
	archiveVersion = 1;
	classes = {
	};
	objectVersion = 55;
	objects = {

/* Begin PBXBuildFile section */
		AFEE134027AA9F1B00BA33E1 /* SweaterShopDemoApp.swift in Sources */ = {isa = PBXBuildFile; fileRef = AFEE133F27AA9F1B00BA33E1 /* SweaterShopDemoApp.swift */; };
		AFEE134427AA9F1D00BA33E1 /* Assets.xcassets in Resources */ = {isa = PBXBuildFile; fileRef = AFEE134327AA9F1D00BA33E1 /* Assets.xcassets */; };
		AFEE134727AA9F1D00BA33E1 /* Preview Assets.xcassets in Resources */ = {isa = PBXBuildFile; fileRef = AFEE134627AA9F1D00BA33E1 /* Preview Assets.xcassets */; };
		AFEE134F27AAA77600BA33E1 /* Product.swift in Sources */ = {isa = PBXBuildFile; fileRef = AFEE134E27AAA77600BA33E1 /* Product.swift */; };
		AFEE135227AAA99D00BA33E1 /* ProductCard.swift in Sources */ = {isa = PBXBuildFile; fileRef = AFEE135127AAA99D00BA33E1 /* ProductCard.swift */; };
		AFEE135627AAABC800BA33E1 /* ContentView.swift in Sources */ = {isa = PBXBuildFile; fileRef = AFEE135527AAABC800BA33E1 /* ContentView.swift */; };
		AFEE135827AAADE900BA33E1 /* CartButton.swift in Sources */ = {isa = PBXBuildFile; fileRef = AFEE135727AAADE900BA33E1 /* CartButton.swift */; };
		AFEE135A27AAAF3100BA33E1 /* CartView.swift in Sources */ = {isa = PBXBuildFile; fileRef = AFEE135927AAAF3100BA33E1 /* CartView.swift */; };
		AFEE135C27AAAFCA00BA33E1 /* CartManager.swift in Sources */ = {isa = PBXBuildFile; fileRef = AFEE135B27AAAFCA00BA33E1 /* CartManager.swift */; };
		AFEE135E27AAB2EC00BA33E1 /* ProductRow.swift in Sources */ = {isa = PBXBuildFile; fileRef = AFEE135D27AAB2EC00BA33E1 /* ProductRow.swift */; };
		AFEE136027AAB97A00BA33E1 /* PaymentButton.swift in Sources */ = {isa = PBXBuildFile; fileRef = AFEE135F27AAB97A00BA33E1 /* PaymentButton.swift */; };
/* End PBXBuildFile section */

/* Begin PBXFileReference section */
		AFEE133C27AA9F1B00BA33E1 /* SweaterShopDemo.app */ = {isa = PBXFileReference; explicitFileType = wrapper.application; includeInIndex = 0; path = SweaterShopDemo.app; sourceTree = BUILT_PRODUCTS_DIR; };
		AFEE133F27AA9F1B00BA33E1 /* SweaterShopDemoApp.swift */ = {isa = PBXFileReference; lastKnownFileType = sourcecode.swift; path = SweaterShopDemoApp.swift; sourceTree = "<group>"; };
		AFEE134327AA9F1D00BA33E1 /* Assets.xcassets */ = {isa = PBXFileReference; lastKnownFileType = folder.assetcatalog; path = Assets.xcassets; sourceTree = "<group>"; };
		AFEE134627AA9F1D00BA33E1 /* Preview Assets.xcassets */ = {isa = PBXFileReference; lastKnownFileType = folder.assetcatalog; path = "Preview Assets.xcassets"; sourceTree = "<group>"; };
		AFEE134E27AAA77600BA33E1 /* Product.swift */ = {isa = PBXFileReference; lastKnownFileType = sourcecode.swift; path = Product.swift; sourceTree = "<group>"; };
		AFEE135127AAA99D00BA33E1 /* ProductCard.swift */ = {isa = PBXFileReference; lastKnownFileType = sourcecode.swift; path = ProductCard.swift; sourceTree = "<group>"; };
		AFEE135527AAABC800BA33E1 /* ContentView.swift */ = {isa = PBXFileReference; lastKnownFileType = sourcecode.swift; path = ContentView.swift; sourceTree = "<group>"; };
		AFEE135727AAADE900BA33E1 /* CartButton.swift */ = {isa = PBXFileReference; lastKnownFileType = sourcecode.swift; path = CartButton.swift; sourceTree = "<group>"; };
		AFEE135927AAAF3100BA33E1 /* CartView.swift */ = {isa = PBXFileReference; lastKnownFileType = sourcecode.swift; path = CartView.swift; sourceTree = "<group>"; };
		AFEE135B27AAAFCA00BA33E1 /* CartManager.swift */ = {isa = PBXFileReference; lastKnownFileType = sourcecode.swift; path = CartManager.swift; sourceTree = "<group>"; };
		AFEE135D27AAB2EC00BA33E1 /* ProductRow.swift */ = {isa = PBXFileReference; lastKnownFileType = sourcecode.swift; path = ProductRow.swift; sourceTree = "<group>"; };
		AFEE135F27AAB97A00BA33E1 /* PaymentButton.swift */ = {isa = PBXFileReference; lastKnownFileType = sourcecode.swift; path = PaymentButton.swift; sourceTree = "<group>"; };
/* End PBXFileReference section */

/* Begin PBXFrameworksBuildPhase section */
		AFEE133927AA9F1B00BA33E1 /* Frameworks */ = {
			isa = PBXFrameworksBuildPhase;
			buildActionMask = 2147483647;
			files = (
			);
			runOnlyForDeploymentPostprocessing = 0;
		};
/* End PBXFrameworksBuildPhase section */

/* Begin PBXGroup section */
		AFEE133327AA9F1B00BA33E1 = {
			isa = PBXGroup;
			children = (
				AFEE133E27AA9F1B00BA33E1 /* SweaterShopDemo */,
				AFEE133D27AA9F1B00BA33E1 /* Products */,
			);
			sourceTree = "<group>";
		};
		AFEE133D27AA9F1B00BA33E1 /* Products */ = {
			isa = PBXGroup;
			children = (
				AFEE133C27AA9F1B00BA33E1 /* SweaterShopDemo.app */,
			);
			name = Products;
			sourceTree = "<group>";
		};
		AFEE133E27AA9F1B00BA33E1 /* SweaterShopDemo */ = {
			isa = PBXGroup;
			children = (
				AFEE133F27AA9F1B00BA33E1 /* SweaterShopDemoApp.swift */,
				AFEE135427AAABAC00BA33E1 /* Views */,
				AFEE135027AAA97C00BA33E1 /* Components */,
				AFEE134D27AAA76000BA33E1 /* Models */,
				AFEE134327AA9F1D00BA33E1 /* Assets.xcassets */,
				AFEE134527AA9F1D00BA33E1 /* Preview Content */,
				AFEE135B27AAAFCA00BA33E1 /* CartManager.swift */,
			);
			path = SweaterShopDemo;
			sourceTree = "<group>";
		};
		AFEE134527AA9F1D00BA33E1 /* Preview Content */ = {
			isa = PBXGroup;
			children = (
				AFEE134627AA9F1D00BA33E1 /* Preview Assets.xcassets */,
			);
			path = "Preview Content";
			sourceTree = "<group>";
		};
		AFEE134D27AAA76000BA33E1 /* Models */ = {
			isa = PBXGroup;
			children = (
				AFEE134E27AAA77600BA33E1 /* Product.swift */,
			);
			path = Models;
			sourceTree = "<group>";
		};
		AFEE135027AAA97C00BA33E1 /* Components */ = {
			isa = PBXGroup;
			children = (
				AFEE135127AAA99D00BA33E1 /* ProductCard.swift */,
				AFEE135727AAADE900BA33E1 /* CartButton.swift */,
				AFEE135D27AAB2EC00BA33E1 /* ProductRow.swift */,
				AFEE135F27AAB97A00BA33E1 /* PaymentButton.swift */,
			);
			path = Components;
			sourceTree = "<group>";
		};
		AFEE135427AAABAC00BA33E1 /* Views */ = {
			isa = PBXGroup;
			children = (
				AFEE135527AAABC800BA33E1 /* ContentView.swift */,
				AFEE135927AAAF3100BA33E1 /* CartView.swift */,
			);
			path = Views;
			sourceTree = "<group>";
		};
/* End PBXGroup section */

/* Begin PBXNativeTarget section */
		AFEE133B27AA9F1B00BA33E1 /* SweaterShopDemo */ = {
			isa = PBXNativeTarget;
			buildConfigurationList = AFEE134A27AA9F1D00BA33E1 /* Build configuration list for PBXNativeTarget "SweaterShopDemo" */;
			buildPhases = (
				AFEE133827AA9F1B00BA33E1 /* Sources */,
				AFEE133927AA9F1B00BA33E1 /* Frameworks */,
				AFEE133A27AA9F1B00BA33E1 /* Resources */,
			);
			buildRules = (
			);
			dependencies = (
			);
			name = SweaterShopDemo;
			productName = SweaterShopDemo;
			productReference = AFEE133C27AA9F1B00BA33E1 /* SweaterShopDemo.app */;
			productType = "com.apple.product-type.application";
		};
/* End PBXNativeTarget section */

/* Begin PBXProject section */
		AFEE133427AA9F1B00BA33E1 /* Project object */ = {
			isa = PBXProject;
			attributes = {
				BuildIndependentTargetsInParallel = 1;
				LastSwiftUpdateCheck = 1320;
				LastUpgradeCheck = 1320;
				TargetAttributes = {
					AFEE133B27AA9F1B00BA33E1 = {
						CreatedOnToolsVersion = 13.2.1;
					};
				};
			};
			buildConfigurationList = AFEE133727AA9F1B00BA33E1 /* Build configuration list for PBXProject "SweaterShopDemo" */;
			compatibilityVersion = "Xcode 13.0";
			developmentRegion = en;
			hasScannedForEncodings = 0;
			knownRegions = (
				en,
				Base,
			);
			mainGroup = AFEE133327AA9F1B00BA33E1;
			productRefGroup = AFEE133D27AA9F1B00BA33E1 /* Products */;
			projectDirPath = "";
			projectRoot = "";
			targets = (
				AFEE133B27AA9F1B00BA33E1 /* SweaterShopDemo */,
			);
		};
/* End PBXProject section */

/* Begin PBXResourcesBuildPhase section */
		AFEE133A27AA9F1B00BA33E1 /* Resources */ = {
			isa = PBXResourcesBuildPhase;
			buildActionMask = 2147483647;
			files = (
				AFEE134727AA9F1D00BA33E1 /* Preview Assets.xcassets in Resources */,
				AFEE134427AA9F1D00BA33E1 /* Assets.xcassets in Resources */,
			);
			runOnlyForDeploymentPostprocessing = 0;
		};
/* End PBXResourcesBuildPhase section */

/* Begin PBXSourcesBuildPhase section */
		AFEE133827AA9F1B00BA33E1 /* Sources */ = {
			isa = PBXSourcesBuildPhase;
			buildActionMask = 2147483647;
			files = (
				AFEE136027AAB97A00BA33E1 /* PaymentButton.swift in Sources */,
				AFEE135A27AAAF3100BA33E1 /* CartView.swift in Sources */,
				AFEE135627AAABC800BA33E1 /* ContentView.swift in Sources */,
				AFEE135C27AAAFCA00BA33E1 /* CartManager.swift in Sources */,
				AFEE134027AA9F1B00BA33E1 /* SweaterShopDemoApp.swift in Sources */,
				AFEE135E27AAB2EC00BA33E1 /* ProductRow.swift in Sources */,
				AFEE134F27AAA77600BA33E1 /* Product.swift in Sources */,
				AFEE135227AAA99D00BA33E1 /* ProductCard.swift in Sources */,
				AFEE135827AAADE900BA33E1 /* CartButton.swift in Sources */,
			);
			runOnlyForDeploymentPostprocessing = 0;
		};
/* End PBXSourcesBuildPhase section */

/* Begin XCBuildConfiguration section */
		AFEE134827AA9F1D00BA33E1 /* Debug */ = {
			isa = XCBuildConfiguration;
			buildSettings = {
				ALWAYS_SEARCH_USER_PATHS = NO;
				CLANG_ANALYZER_NONNULL = YES;
				CLANG_ANALYZER_NUMBER_OBJECT_CONVERSION = YES_AGGRESSIVE;
				CLANG_CXX_LANGUAGE_STANDARD = "gnu++17";
				CLANG_CXX_LIBRARY = "libc++";
				CLANG_ENABLE_MODULES = YES;
				CLANG_ENABLE_OBJC_ARC = YES;
				CLANG_ENABLE_OBJC_WEAK = YES;
				CLANG_WARN_BLOCK_CAPTURE_AUTORELEASING = YES;
				CLANG_WARN_BOOL_CONVERSION = YES;
				CLANG_WARN_COMMA = YES;
				CLANG_WARN_CONSTANT_CONVERSION = YES;
				CLANG_WARN_DEPRECATED_OBJC_IMPLEMENTATIONS = YES;
				CLANG_WARN_DIRECT_OBJC_ISA_USAGE = YES_ERROR;
				CLANG_WARN_DOCUMENTATION_COMMENTS = YES;
				CLANG_WARN_EMPTY_BODY = YES;
				CLANG_WARN_ENUM_CONVERSION = YES;
				CLANG_WARN_INFINITE_RECURSION = YES;
				CLANG_WARN_INT_CONVERSION = YES;
				CLANG_WARN_NON_LITERAL_NULL_CONVERSION = YES;
				CLANG_WARN_OBJC_IMPLICIT_RETAIN_SELF = YES;
				CLANG_WARN_OBJC_LITERAL_CONVERSION = YES;
				CLANG_WARN_OBJC_ROOT_CLASS = YES_ERROR;
				CLANG_WARN_QUOTED_INCLUDE_IN_FRAMEWORK_HEADER = YES;
				CLANG_WARN_RANGE_LOOP_ANALYSIS = YES;
				CLANG_WARN_STRICT_PROTOTYPES = YES;
				CLANG_WARN_SUSPICIOUS_MOVE = YES;
				CLANG_WARN_UNGUARDED_AVAILABILITY = YES_AGGRESSIVE;
				CLANG_WARN_UNREACHABLE_CODE = YES;
				CLANG_WARN__DUPLICATE_METHOD_MATCH = YES;
				COPY_PHASE_STRIP = NO;
				DEBUG_INFORMATION_FORMAT = dwarf;
				ENABLE_STRICT_OBJC_MSGSEND = YES;
				ENABLE_TESTABILITY = YES;
				GCC_C_LANGUAGE_STANDARD = gnu11;
				GCC_DYNAMIC_NO_PIC = NO;
				GCC_NO_COMMON_BLOCKS = YES;
				GCC_OPTIMIZATION_LEVEL = 0;
				GCC_PREPROCESSOR_DEFINITIONS = (
					"DEBUG=1",
					"$(inherited)",
				);
				GCC_WARN_64_TO_32_BIT_CONVERSION = YES;
				GCC_WARN_ABOUT_RETURN_TYPE = YES_ERROR;
				GCC_WARN_UNDECLARED_SELECTOR = YES;
				GCC_WARN_UNINITIALIZED_AUTOS = YES_AGGRESSIVE;
				GCC_WARN_UNUSED_FUNCTION = YES;
				GCC_WARN_UNUSED_VARIABLE = YES;
				IPHONEOS_DEPLOYMENT_TARGET = 15.2;
				MTL_ENABLE_DEBUG_INFO = INCLUDE_SOURCE;
				MTL_FAST_MATH = YES;
				ONLY_ACTIVE_ARCH = YES;
				SDKROOT = iphoneos;
				SWIFT_ACTIVE_COMPILATION_CONDITIONS = DEBUG;
				SWIFT_OPTIMIZATION_LEVEL = "-Onone";
			};
			name = Debug;
		};
		AFEE134927AA9F1D00BA33E1 /* Release */ = {
			isa = XCBuildConfiguration;
			buildSettings = {
				ALWAYS_SEARCH_USER_PATHS = NO;
				CLANG_ANALYZER_NONNULL = YES;
				CLANG_ANALYZER_NUMBER_OBJECT_CONVERSION = YES_AGGRESSIVE;
				CLANG_CXX_LANGUAGE_STANDARD = "gnu++17";
				CLANG_CXX_LIBRARY = "libc++";
				CLANG_ENABLE_MODULES = YES;
				CLANG_ENABLE_OBJC_ARC = YES;
				CLANG_ENABLE_OBJC_WEAK = YES;
				CLANG_WARN_BLOCK_CAPTURE_AUTORELEASING = YES;
				CLANG_WARN_BOOL_CONVERSION = YES;
				CLANG_WARN_COMMA = YES;
				CLANG_WARN_CONSTANT_CONVERSION = YES;
				CLANG_WARN_DEPRECATED_OBJC_IMPLEMENTATIONS = YES;
				CLANG_WARN_DIRECT_OBJC_ISA_USAGE = YES_ERROR;
				CLANG_WARN_DOCUMENTATION_COMMENTS = YES;
				CLANG_WARN_EMPTY_BODY = YES;
				CLANG_WARN_ENUM_CONVERSION = YES;
				CLANG_WARN_INFINITE_RECURSION = YES;
				CLANG_WARN_INT_CONVERSION = YES;
				CLANG_WARN_NON_LITERAL_NULL_CONVERSION = YES;
				CLANG_WARN_OBJC_IMPLICIT_RETAIN_SELF = YES;
				CLANG_WARN_OBJC_LITERAL_CONVERSION = YES;
				CLANG_WARN_OBJC_ROOT_CLASS = YES_ERROR;
				CLANG_WARN_QUOTED_INCLUDE_IN_FRAMEWORK_HEADER = YES;
				CLANG_WARN_RANGE_LOOP_ANALYSIS = YES;
				CLANG_WARN_STRICT_PROTOTYPES = YES;
				CLANG_WARN_SUSPICIOUS_MOVE = YES;
				CLANG_WARN_UNGUARDED_AVAILABILITY = YES_AGGRESSIVE;
				CLANG_WARN_UNREACHABLE_CODE = YES;
				CLANG_WARN__DUPLICATE_METHOD_MATCH = YES;
				COPY_PHASE_STRIP = NO;
				DEBUG_INFORMATION_FORMAT = "dwarf-with-dsym";
				ENABLE_NS_ASSERTIONS = NO;
				ENABLE_STRICT_OBJC_MSGSEND = YES;
				GCC_C_LANGUAGE_STANDARD = gnu11;
				GCC_NO_COMMON_BLOCKS = YES;
				GCC_WARN_64_TO_32_BIT_CONVERSION = YES;
				GCC_WARN_ABOUT_RETURN_TYPE = YES_ERROR;
				GCC_WARN_UNDECLARED_SELECTOR = YES;
				GCC_WARN_UNINITIALIZED_AUTOS = YES_AGGRESSIVE;
				GCC_WARN_UNUSED_FUNCTION = YES;
				GCC_WARN_UNUSED_VARIABLE = YES;
				IPHONEOS_DEPLOYMENT_TARGET = 15.2;
				MTL_ENABLE_DEBUG_INFO = NO;
				MTL_FAST_MATH = YES;
				SDKROOT = iphoneos;
				SWIFT_COMPILATION_MODE = wholemodule;
				SWIFT_OPTIMIZATION_LEVEL = "-O";
				VALIDATE_PRODUCT = YES;
			};
			name = Release;
		};
		AFEE134B27AA9F1D00BA33E1 /* Debug */ = {
			isa = XCBuildConfiguration;
			buildSettings = {
				ASSETCATALOG_COMPILER_APPICON_NAME = AppIcon;
				ASSETCATALOG_COMPILER_GLOBAL_ACCENT_COLOR_NAME = AccentColor;
				CODE_SIGN_STYLE = Automatic;
				CURRENT_PROJECT_VERSION = 1;
				DEVELOPMENT_ASSET_PATHS = "\"SweaterShopDemo/Preview Content\"";
				DEVELOPMENT_TEAM = 66XFVHP4G6;
				ENABLE_PREVIEWS = YES;
				GENERATE_INFOPLIST_FILE = YES;
				INFOPLIST_KEY_UIApplicationSceneManifest_Generation = YES;
				INFOPLIST_KEY_UIApplicationSupportsIndirectInputEvents = YES;
				INFOPLIST_KEY_UILaunchScreen_Generation = YES;
				INFOPLIST_KEY_UISupportedInterfaceOrientations_iPad = "UIInterfaceOrientationPortrait UIInterfaceOrientationPortraitUpsideDown UIInterfaceOrientationLandscapeLeft UIInterfaceOrientationLandscapeRight";
				INFOPLIST_KEY_UISupportedInterfaceOrientations_iPhone = "UIInterfaceOrientationPortrait UIInterfaceOrientationLandscapeLeft UIInterfaceOrientationLandscapeRight";
				LD_RUNPATH_SEARCH_PATHS = (
					"$(inherited)",
					"@executable_path/Frameworks",
				);
				MARKETING_VERSION = 1.0;
				PRODUCT_BUNDLE_IDENTIFIER = cpp.SweaterShopDemo;
				PRODUCT_NAME = "$(TARGET_NAME)";
				SWIFT_EMIT_LOC_STRINGS = YES;
				SWIFT_VERSION = 5.0;
				TARGETED_DEVICE_FAMILY = "1,2";
			};
			name = Debug;
		};
		AFEE134C27AA9F1D00BA33E1 /* Release */ = {
			isa = XCBuildConfiguration;
			buildSettings = {
				ASSETCATALOG_COMPILER_APPICON_NAME = AppIcon;
				ASSETCATALOG_COMPILER_GLOBAL_ACCENT_COLOR_NAME = AccentColor;
				CODE_SIGN_STYLE = Automatic;
				CURRENT_PROJECT_VERSION = 1;
				DEVELOPMENT_ASSET_PATHS = "\"SweaterShopDemo/Preview Content\"";
				DEVELOPMENT_TEAM = 66XFVHP4G6;
				ENABLE_PREVIEWS = YES;
				GENERATE_INFOPLIST_FILE = YES;
				INFOPLIST_KEY_UIApplicationSceneManifest_Generation = YES;
				INFOPLIST_KEY_UIApplicationSupportsIndirectInputEvents = YES;
				INFOPLIST_KEY_UILaunchScreen_Generation = YES;
				INFOPLIST_KEY_UISupportedInterfaceOrientations_iPad = "UIInterfaceOrientationPortrait UIInterfaceOrientationPortraitUpsideDown UIInterfaceOrientationLandscapeLeft UIInterfaceOrientationLandscapeRight";
				INFOPLIST_KEY_UISupportedInterfaceOrientations_iPhone = "UIInterfaceOrientationPortrait UIInterfaceOrientationLandscapeLeft UIInterfaceOrientationLandscapeRight";
				LD_RUNPATH_SEARCH_PATHS = (
					"$(inherited)",
					"@executable_path/Frameworks",
				);
				MARKETING_VERSION = 1.0;
				PRODUCT_BUNDLE_IDENTIFIER = cpp.SweaterShopDemo;
				PRODUCT_NAME = "$(TARGET_NAME)";
				SWIFT_EMIT_LOC_STRINGS = YES;
				SWIFT_VERSION = 5.0;
				TARGETED_DEVICE_FAMILY = "1,2";
			};
			name = Release;
		};
/* End XCBuildConfiguration section */

/* Begin XCConfigurationList section */
		AFEE133727AA9F1B00BA33E1 /* Build configuration list for PBXProject "SweaterShopDemo" */ = {
			isa = XCConfigurationList;
			buildConfigurations = (
				AFEE134827AA9F1D00BA33E1 /* Debug */,
				AFEE134927AA9F1D00BA33E1 /* Release */,
			);
			defaultConfigurationIsVisible = 0;
			defaultConfigurationName = Release;
		};
		AFEE134A27AA9F1D00BA33E1 /* Build configuration list for PBXNativeTarget "SweaterShopDemo" */ = {
			isa = XCConfigurationList;
			buildConfigurations = (
				AFEE134B27AA9F1D00BA33E1 /* Debug */,
				AFEE134C27AA9F1D00BA33E1 /* Release */,
			);
			defaultConfigurationIsVisible = 0;
			defaultConfigurationName = Release;
		};
/* End XCConfigurationList section */
	};
	rootObject = AFEE133427AA9F1B00BA33E1 /* Project object */;
}
